
Microsoft Visual Studio Solution File, Format Version 10.00
# Visual Studio 2008
Project("{8BC9CEB8-8B4A-11D0-8D11-00A0C91BC942}") = "lesson23", "lesson23.vcproj", "{87893F7E-2ED4-4976-B9DA-521B875D0438}"
EndProject
Global
	GlobalSection(SolutionConfigurationPlatforms) = preSolution
		Debug|Win32 = Debug|Win32
		Release|Win32 = Release|Win32
	EndGlobalSection
	GlobalSection(ProjectConfigurationPlatforms) = postSolution
		{87893F7E-2ED4-4976-B9DA-521B875D0438}.Debug|Win32.ActiveCfg = Debug|Win32
		{87893F7E-2ED4-4976-B9DA-521B875D0438}.Debug|Win32.Build.0 = Debug|Win32
		{87893F7E-2ED4-4976-B9DA-521B875D0438}.Release|Win32.ActiveCfg = Release|Win32
		{87893F7E-2ED4-4976-B9DA-521B875D0438}.Release|Win32.Build.0 = Release|Win32
	EndGlobalSection
	GlobalSection(SolutionProperties) = preSolution
		HideSolutionNode = FALSE
	EndGlobalSection
EndGlobal
