
Microsoft Visual Studio Solution File, Format Version 10.00
# Visual Studio 2008
Project("{8BC9CEB8-8B4A-11D0-8D11-00A0C91BC942}") = "lesson29", "lesson29.vcproj", "{039C3B52-41D0-434B-9521-943A9E8AF495}"
EndProject
Global
	GlobalSection(SolutionConfigurationPlatforms) = preSolution
		Debug|Win32 = Debug|Win32
		Release|Win32 = Release|Win32
	EndGlobalSection
	GlobalSection(ProjectConfigurationPlatforms) = postSolution
		{039C3B52-41D0-434B-9521-943A9E8AF495}.Debug|Win32.ActiveCfg = Debug|Win32
		{039C3B52-41D0-434B-9521-943A9E8AF495}.Debug|Win32.Build.0 = Debug|Win32
		{039C3B52-41D0-434B-9521-943A9E8AF495}.Release|Win32.ActiveCfg = Release|Win32
		{039C3B52-41D0-434B-9521-943A9E8AF495}.Release|Win32.Build.0 = Release|Win32
	EndGlobalSection
	GlobalSection(SolutionProperties) = preSolution
		HideSolutionNode = FALSE
	EndGlobalSection
EndGlobal
